
Microsoft Visual Studio Solution File, Format Version 12.00
# Visual Studio 15
VisualStudioVersion = 15.0.28307.136
MinimumVisualStudioVersion = 10.0.40219.1
Project("{2150E333-8FDC-42A3-9474-1A3956D46DE8}") = "QLibrary", "QLibrary", "{FF646491-B651-4790-B490-F8B8A5800EC2}"
EndProject
Project("{2150E333-8FDC-42A3-9474-1A3956D46DE8}") = "QWatch", "QWatch", "{49E75DAE-986B-48BF-8A1B-54ECFB9B9A46}"
EndProject
Project("{2150E333-8FDC-42A3-9474-1A3956D46DE8}") = "OWatch", "OWatch", "{8EAC5F98-E326-4BAA-8C55-97B8F05D7D63}"
EndProject
Project("{FAE04EC0-301F-11D3-BF4B-00C04F79EFBC}") = "OWatch.AnalyzerService", "OWatch.AnalyzerService\OWatch.AnalyzerService.csproj", "{DA9431C0-09A0-446E-A205-ECA54B39F099}"
EndProject
Project("{FAE04EC0-301F-11D3-BF4B-00C04F79EFBC}") = "OWatch.ConsoleApplication1", "OWatch.ConsoleApplication1\OWatch.ConsoleApplication1.csproj", "{6263C2FE-9C9F-4067-8966-572969E79A7D}"
EndProject
Project("{FAE04EC0-301F-11D3-BF4B-00C04F79EFBC}") = "OWatch.Entity", "OWatch.Entity\OWatch.Entity.csproj", "{F323E1DD-995C-4FB0-8AC1-3AC49B55AC43}"
EndProject
Project("{FAE04EC0-301F-11D3-BF4B-00C04F79EFBC}") = "OWatch.OIOData", "OWatch.IOData\OWatch.OIOData.csproj", "{FB97FB1E-9C96-41EB-8AE2-7E54ABC69BD1}"
EndProject
Project("{FAE04EC0-301F-11D3-BF4B-00C04F79EFBC}") = "OWatch.Log", "OWatch.Log\OWatch.Log.csproj", "{BAD32FBC-4E2E-4DEB-8859-66699D7E6296}"
EndProject
Project("{FAE04EC0-301F-11D3-BF4B-00C04F79EFBC}") = "OWatch.ObjToXml", "OWatch.ObjToXml\OWatch.ObjToXml.csproj", "{A709B24D-50C8-4A01-A9E8-FE638D1BBDF8}"
EndProject
Project("{FAE04EC0-301F-11D3-BF4B-00C04F79EFBC}") = "OWatch.OptionChainData", "OWatch.OptionChainData\OWatch.OptionChainData.csproj", "{AFAE2644-3856-4520-B1F5-9826FB0B7E70}"
EndProject
Project("{FAE04EC0-301F-11D3-BF4B-00C04F79EFBC}") = "OWatch.OUI", "OWatch.OUI\OWatch.OUI.csproj", "{95A636CD-B5B3-41C5-8937-71170152024F}"
EndProject
Project("{FAE04EC0-301F-11D3-BF4B-00C04F79EFBC}") = "QLibrary.Entity", "QLibrary.Entity\QLibrary.Entity.csproj", "{BB5F1D9D-16E6-4370-93C2-6510397BD83E}"
EndProject
Project("{FAE04EC0-301F-11D3-BF4B-00C04F79EFBC}") = "QLibrary.DataProvider", "QLibrary.DataProvider\QLibrary.DataProvider.csproj", "{5AFC2AB0-E30B-45E7-8176-2A40E4B07ADA}"
EndProject
Project("{FAE04EC0-301F-11D3-BF4B-00C04F79EFBC}") = "QLibrary.Api", "QLibrary.Api\QLibrary.Api.csproj", "{6192905E-AFDB-46EF-8FEC-3F58C52486F5}"
EndProject
Project("{FAE04EC0-301F-11D3-BF4B-00C04F79EFBC}") = "QLibrary.MvcClient", "QLibrary.MvcClient\QLibrary.MvcClient.csproj", "{A39E2518-3A96-4ED7-849B-8F2DADCCBEBF}"
EndProject
Project("{FAE04EC0-301F-11D3-BF4B-00C04F79EFBC}") = "QWatch.ApiDataLoader", "QWatch.ApiDataLoader\QWatch.ApiDataLoader.csproj", "{02EBAAEA-F93E-4CE8-874F-71F74219061C}"
EndProject
Project("{FAE04EC0-301F-11D3-BF4B-00C04F79EFBC}") = "QWatch.ContentReader", "QWatch.ContentReader\QWatch.ContentReader.csproj", "{A02BA843-136B-4D53-994D-641E149C5508}"
EndProject
Project("{FAE04EC0-301F-11D3-BF4B-00C04F79EFBC}") = "QWatch.DataContext", "QWatch.DataContext\QWatch.DataContext.csproj", "{56F2F060-D1CF-465F-8AC2-3CAB6A0F07FD}"
EndProject
Project("{FAE04EC0-301F-11D3-BF4B-00C04F79EFBC}") = "QWatch.Entity", "QWatch.Entity\QWatch.Entity.csproj", "{D8D629F9-FDEF-4DF9-A168-F139C61AB068}"
EndProject
Project("{FAE04EC0-301F-11D3-BF4B-00C04F79EFBC}") = "QWatch.Log", "QWatch.Log\QWatch.Log.csproj", "{198606DC-835B-43D9-97FA-7FB5878D50FF}"
EndProject
Project("{FAE04EC0-301F-11D3-BF4B-00C04F79EFBC}") = "QWatch.MvcClient", "QWatch.MvcClient\QWatch.MvcClient.csproj", "{498AA381-5A34-462C-835D-63E98C332005}"
EndProject
Project("{FAE04EC0-301F-11D3-BF4B-00C04F79EFBC}") = "QWatch.ObjToXml", "QWatch.ObjToXml\QWatch.ObjToXml.csproj", "{133D836D-3FDF-49A2-A9FF-AC757A2AB38B}"
EndProject
Project("{FAE04EC0-301F-11D3-BF4B-00C04F79EFBC}") = "QWatch.QuickApi", "QWatch.QuickApi\QWatch.QuickApi.csproj", "{B650CE77-4EA2-4EBF-A373-9B0803E5473E}"
EndProject
Project("{FAE04EC0-301F-11D3-BF4B-00C04F79EFBC}") = "QWatch.QuickWatchMethods", "QWatch.QuickWatchMethods\QWatch.QuickWatchMethods.csproj", "{A6A96168-F405-4EA3-98B4-9C1C34999120}"
EndProject
Project("{FAE04EC0-301F-11D3-BF4B-00C04F79EFBC}") = "QWatch.QWService", "QWatch.QWService\QWatch.QWService.csproj", "{406F4B98-7B7F-49D6-AF9B-BCF3519A856B}"
EndProject
Project("{FAE04EC0-301F-11D3-BF4B-00C04F79EFBC}") = "QWatch.AZBasicScheduler", "QWatch.AZBasicScheduler\QWatch.AZBasicScheduler.csproj", "{72D2108A-F5BC-4E00-B99C-B5D0480EA754}"
EndProject
Project("{FAE04EC0-301F-11D3-BF4B-00C04F79EFBC}") = "QWatch.AZQuickScheduler", "QWatch.QuickScheduler\QWatch.AZQuickScheduler.csproj", "{C0BF5211-A7C3-4E07-9EA0-71E1E564BAA7}"
EndProject
Global
	GlobalSection(SolutionConfigurationPlatforms) = preSolution
		Debug|Any CPU = Debug|Any CPU
		Release|Any CPU = Release|Any CPU
	EndGlobalSection
	GlobalSection(ProjectConfigurationPlatforms) = postSolution
		{DA9431C0-09A0-446E-A205-ECA54B39F099}.Debug|Any CPU.ActiveCfg = Debug|Any CPU
		{DA9431C0-09A0-446E-A205-ECA54B39F099}.Debug|Any CPU.Build.0 = Debug|Any CPU
		{DA9431C0-09A0-446E-A205-ECA54B39F099}.Release|Any CPU.ActiveCfg = Release|Any CPU
		{DA9431C0-09A0-446E-A205-ECA54B39F099}.Release|Any CPU.Build.0 = Release|Any CPU
		{6263C2FE-9C9F-4067-8966-572969E79A7D}.Debug|Any CPU.ActiveCfg = Debug|Any CPU
		{6263C2FE-9C9F-4067-8966-572969E79A7D}.Debug|Any CPU.Build.0 = Debug|Any CPU
		{6263C2FE-9C9F-4067-8966-572969E79A7D}.Release|Any CPU.ActiveCfg = Release|Any CPU
		{6263C2FE-9C9F-4067-8966-572969E79A7D}.Release|Any CPU.Build.0 = Release|Any CPU
		{F323E1DD-995C-4FB0-8AC1-3AC49B55AC43}.Debug|Any CPU.ActiveCfg = Debug|Any CPU
		{F323E1DD-995C-4FB0-8AC1-3AC49B55AC43}.Debug|Any CPU.Build.0 = Debug|Any CPU
		{F323E1DD-995C-4FB0-8AC1-3AC49B55AC43}.Release|Any CPU.ActiveCfg = Release|Any CPU
		{F323E1DD-995C-4FB0-8AC1-3AC49B55AC43}.Release|Any CPU.Build.0 = Release|Any CPU
		{FB97FB1E-9C96-41EB-8AE2-7E54ABC69BD1}.Debug|Any CPU.ActiveCfg = Debug|Any CPU
		{FB97FB1E-9C96-41EB-8AE2-7E54ABC69BD1}.Debug|Any CPU.Build.0 = Debug|Any CPU
		{FB97FB1E-9C96-41EB-8AE2-7E54ABC69BD1}.Release|Any CPU.ActiveCfg = Release|Any CPU
		{FB97FB1E-9C96-41EB-8AE2-7E54ABC69BD1}.Release|Any CPU.Build.0 = Release|Any CPU
		{BAD32FBC-4E2E-4DEB-8859-66699D7E6296}.Debug|Any CPU.ActiveCfg = Debug|Any CPU
		{BAD32FBC-4E2E-4DEB-8859-66699D7E6296}.Debug|Any CPU.Build.0 = Debug|Any CPU
		{BAD32FBC-4E2E-4DEB-8859-66699D7E6296}.Release|Any CPU.ActiveCfg = Release|Any CPU
		{BAD32FBC-4E2E-4DEB-8859-66699D7E6296}.Release|Any CPU.Build.0 = Release|Any CPU
		{A709B24D-50C8-4A01-A9E8-FE638D1BBDF8}.Debug|Any CPU.ActiveCfg = Debug|Any CPU
		{A709B24D-50C8-4A01-A9E8-FE638D1BBDF8}.Debug|Any CPU.Build.0 = Debug|Any CPU
		{A709B24D-50C8-4A01-A9E8-FE638D1BBDF8}.Release|Any CPU.ActiveCfg = Release|Any CPU
		{A709B24D-50C8-4A01-A9E8-FE638D1BBDF8}.Release|Any CPU.Build.0 = Release|Any CPU
		{AFAE2644-3856-4520-B1F5-9826FB0B7E70}.Debug|Any CPU.ActiveCfg = Debug|Any CPU
		{AFAE2644-3856-4520-B1F5-9826FB0B7E70}.Debug|Any CPU.Build.0 = Debug|Any CPU
		{AFAE2644-3856-4520-B1F5-9826FB0B7E70}.Release|Any CPU.ActiveCfg = Release|Any CPU
		{AFAE2644-3856-4520-B1F5-9826FB0B7E70}.Release|Any CPU.Build.0 = Release|Any CPU
		{95A636CD-B5B3-41C5-8937-71170152024F}.Debug|Any CPU.ActiveCfg = Debug|Any CPU
		{95A636CD-B5B3-41C5-8937-71170152024F}.Debug|Any CPU.Build.0 = Debug|Any CPU
		{95A636CD-B5B3-41C5-8937-71170152024F}.Release|Any CPU.ActiveCfg = Release|Any CPU
		{95A636CD-B5B3-41C5-8937-71170152024F}.Release|Any CPU.Build.0 = Release|Any CPU
		{BB5F1D9D-16E6-4370-93C2-6510397BD83E}.Debug|Any CPU.ActiveCfg = Debug|Any CPU
		{BB5F1D9D-16E6-4370-93C2-6510397BD83E}.Debug|Any CPU.Build.0 = Debug|Any CPU
		{BB5F1D9D-16E6-4370-93C2-6510397BD83E}.Release|Any CPU.ActiveCfg = Release|Any CPU
		{BB5F1D9D-16E6-4370-93C2-6510397BD83E}.Release|Any CPU.Build.0 = Release|Any CPU
		{5AFC2AB0-E30B-45E7-8176-2A40E4B07ADA}.Debug|Any CPU.ActiveCfg = Debug|Any CPU
		{5AFC2AB0-E30B-45E7-8176-2A40E4B07ADA}.Debug|Any CPU.Build.0 = Debug|Any CPU
		{5AFC2AB0-E30B-45E7-8176-2A40E4B07ADA}.Release|Any CPU.ActiveCfg = Release|Any CPU
		{5AFC2AB0-E30B-45E7-8176-2A40E4B07ADA}.Release|Any CPU.Build.0 = Release|Any CPU
		{6192905E-AFDB-46EF-8FEC-3F58C52486F5}.Debug|Any CPU.ActiveCfg = Debug|Any CPU
		{6192905E-AFDB-46EF-8FEC-3F58C52486F5}.Debug|Any CPU.Build.0 = Debug|Any CPU
		{6192905E-AFDB-46EF-8FEC-3F58C52486F5}.Release|Any CPU.ActiveCfg = Release|Any CPU
		{6192905E-AFDB-46EF-8FEC-3F58C52486F5}.Release|Any CPU.Build.0 = Release|Any CPU
		{A39E2518-3A96-4ED7-849B-8F2DADCCBEBF}.Debug|Any CPU.ActiveCfg = Debug|Any CPU
		{A39E2518-3A96-4ED7-849B-8F2DADCCBEBF}.Debug|Any CPU.Build.0 = Debug|Any CPU
		{A39E2518-3A96-4ED7-849B-8F2DADCCBEBF}.Release|Any CPU.ActiveCfg = Release|Any CPU
		{A39E2518-3A96-4ED7-849B-8F2DADCCBEBF}.Release|Any CPU.Build.0 = Release|Any CPU
		{02EBAAEA-F93E-4CE8-874F-71F74219061C}.Debug|Any CPU.ActiveCfg = Debug|Any CPU
		{02EBAAEA-F93E-4CE8-874F-71F74219061C}.Debug|Any CPU.Build.0 = Debug|Any CPU
		{02EBAAEA-F93E-4CE8-874F-71F74219061C}.Release|Any CPU.ActiveCfg = Release|Any CPU
		{02EBAAEA-F93E-4CE8-874F-71F74219061C}.Release|Any CPU.Build.0 = Release|Any CPU
		{A02BA843-136B-4D53-994D-641E149C5508}.Debug|Any CPU.ActiveCfg = Debug|Any CPU
		{A02BA843-136B-4D53-994D-641E149C5508}.Debug|Any CPU.Build.0 = Debug|Any CPU
		{A02BA843-136B-4D53-994D-641E149C5508}.Release|Any CPU.ActiveCfg = Release|Any CPU
		{A02BA843-136B-4D53-994D-641E149C5508}.Release|Any CPU.Build.0 = Release|Any CPU
		{56F2F060-D1CF-465F-8AC2-3CAB6A0F07FD}.Debug|Any CPU.ActiveCfg = Debug|Any CPU
		{56F2F060-D1CF-465F-8AC2-3CAB6A0F07FD}.Debug|Any CPU.Build.0 = Debug|Any CPU
		{56F2F060-D1CF-465F-8AC2-3CAB6A0F07FD}.Release|Any CPU.ActiveCfg = Release|Any CPU
		{56F2F060-D1CF-465F-8AC2-3CAB6A0F07FD}.Release|Any CPU.Build.0 = Release|Any CPU
		{D8D629F9-FDEF-4DF9-A168-F139C61AB068}.Debug|Any CPU.ActiveCfg = Debug|Any CPU
		{D8D629F9-FDEF-4DF9-A168-F139C61AB068}.Debug|Any CPU.Build.0 = Debug|Any CPU
		{D8D629F9-FDEF-4DF9-A168-F139C61AB068}.Release|Any CPU.ActiveCfg = Release|Any CPU
		{D8D629F9-FDEF-4DF9-A168-F139C61AB068}.Release|Any CPU.Build.0 = Release|Any CPU
		{198606DC-835B-43D9-97FA-7FB5878D50FF}.Debug|Any CPU.ActiveCfg = Debug|Any CPU
		{198606DC-835B-43D9-97FA-7FB5878D50FF}.Debug|Any CPU.Build.0 = Debug|Any CPU
		{198606DC-835B-43D9-97FA-7FB5878D50FF}.Release|Any CPU.ActiveCfg = Release|Any CPU
		{198606DC-835B-43D9-97FA-7FB5878D50FF}.Release|Any CPU.Build.0 = Release|Any CPU
		{498AA381-5A34-462C-835D-63E98C332005}.Debug|Any CPU.ActiveCfg = Debug|Any CPU
		{498AA381-5A34-462C-835D-63E98C332005}.Debug|Any CPU.Build.0 = Debug|Any CPU
		{498AA381-5A34-462C-835D-63E98C332005}.Release|Any CPU.ActiveCfg = Release|Any CPU
		{498AA381-5A34-462C-835D-63E98C332005}.Release|Any CPU.Build.0 = Release|Any CPU
		{133D836D-3FDF-49A2-A9FF-AC757A2AB38B}.Debug|Any CPU.ActiveCfg = Debug|Any CPU
		{133D836D-3FDF-49A2-A9FF-AC757A2AB38B}.Debug|Any CPU.Build.0 = Debug|Any CPU
		{133D836D-3FDF-49A2-A9FF-AC757A2AB38B}.Release|Any CPU.ActiveCfg = Release|Any CPU
		{133D836D-3FDF-49A2-A9FF-AC757A2AB38B}.Release|Any CPU.Build.0 = Release|Any CPU
		{B650CE77-4EA2-4EBF-A373-9B0803E5473E}.Debug|Any CPU.ActiveCfg = Debug|Any CPU
		{B650CE77-4EA2-4EBF-A373-9B0803E5473E}.Debug|Any CPU.Build.0 = Debug|Any CPU
		{B650CE77-4EA2-4EBF-A373-9B0803E5473E}.Release|Any CPU.ActiveCfg = Release|Any CPU
		{B650CE77-4EA2-4EBF-A373-9B0803E5473E}.Release|Any CPU.Build.0 = Release|Any CPU
		{A6A96168-F405-4EA3-98B4-9C1C34999120}.Debug|Any CPU.ActiveCfg = Debug|Any CPU
		{A6A96168-F405-4EA3-98B4-9C1C34999120}.Debug|Any CPU.Build.0 = Debug|Any CPU
		{A6A96168-F405-4EA3-98B4-9C1C34999120}.Release|Any CPU.ActiveCfg = Release|Any CPU
		{A6A96168-F405-4EA3-98B4-9C1C34999120}.Release|Any CPU.Build.0 = Release|Any CPU
		{406F4B98-7B7F-49D6-AF9B-BCF3519A856B}.Debug|Any CPU.ActiveCfg = Debug|Any CPU
		{406F4B98-7B7F-49D6-AF9B-BCF3519A856B}.Debug|Any CPU.Build.0 = Debug|Any CPU
		{406F4B98-7B7F-49D6-AF9B-BCF3519A856B}.Release|Any CPU.ActiveCfg = Release|Any CPU
		{406F4B98-7B7F-49D6-AF9B-BCF3519A856B}.Release|Any CPU.Build.0 = Release|Any CPU
		{72D2108A-F5BC-4E00-B99C-B5D0480EA754}.Debug|Any CPU.ActiveCfg = Debug|Any CPU
		{72D2108A-F5BC-4E00-B99C-B5D0480EA754}.Debug|Any CPU.Build.0 = Debug|Any CPU
		{72D2108A-F5BC-4E00-B99C-B5D0480EA754}.Release|Any CPU.ActiveCfg = Release|Any CPU
		{72D2108A-F5BC-4E00-B99C-B5D0480EA754}.Release|Any CPU.Build.0 = Release|Any CPU
		{C0BF5211-A7C3-4E07-9EA0-71E1E564BAA7}.Debug|Any CPU.ActiveCfg = Debug|Any CPU
		{C0BF5211-A7C3-4E07-9EA0-71E1E564BAA7}.Debug|Any CPU.Build.0 = Debug|Any CPU
		{C0BF5211-A7C3-4E07-9EA0-71E1E564BAA7}.Release|Any CPU.ActiveCfg = Release|Any CPU
		{C0BF5211-A7C3-4E07-9EA0-71E1E564BAA7}.Release|Any CPU.Build.0 = Release|Any CPU
	EndGlobalSection
	GlobalSection(SolutionProperties) = preSolution
		HideSolutionNode = FALSE
	EndGlobalSection
	GlobalSection(NestedProjects) = preSolution
		{DA9431C0-09A0-446E-A205-ECA54B39F099} = {8EAC5F98-E326-4BAA-8C55-97B8F05D7D63}
		{6263C2FE-9C9F-4067-8966-572969E79A7D} = {8EAC5F98-E326-4BAA-8C55-97B8F05D7D63}
		{F323E1DD-995C-4FB0-8AC1-3AC49B55AC43} = {8EAC5F98-E326-4BAA-8C55-97B8F05D7D63}
		{FB97FB1E-9C96-41EB-8AE2-7E54ABC69BD1} = {8EAC5F98-E326-4BAA-8C55-97B8F05D7D63}
		{BAD32FBC-4E2E-4DEB-8859-66699D7E6296} = {8EAC5F98-E326-4BAA-8C55-97B8F05D7D63}
		{A709B24D-50C8-4A01-A9E8-FE638D1BBDF8} = {8EAC5F98-E326-4BAA-8C55-97B8F05D7D63}
		{AFAE2644-3856-4520-B1F5-9826FB0B7E70} = {8EAC5F98-E326-4BAA-8C55-97B8F05D7D63}
		{95A636CD-B5B3-41C5-8937-71170152024F} = {8EAC5F98-E326-4BAA-8C55-97B8F05D7D63}
		{BB5F1D9D-16E6-4370-93C2-6510397BD83E} = {FF646491-B651-4790-B490-F8B8A5800EC2}
		{5AFC2AB0-E30B-45E7-8176-2A40E4B07ADA} = {FF646491-B651-4790-B490-F8B8A5800EC2}
		{6192905E-AFDB-46EF-8FEC-3F58C52486F5} = {FF646491-B651-4790-B490-F8B8A5800EC2}
		{A39E2518-3A96-4ED7-849B-8F2DADCCBEBF} = {FF646491-B651-4790-B490-F8B8A5800EC2}
		{02EBAAEA-F93E-4CE8-874F-71F74219061C} = {49E75DAE-986B-48BF-8A1B-54ECFB9B9A46}
		{A02BA843-136B-4D53-994D-641E149C5508} = {49E75DAE-986B-48BF-8A1B-54ECFB9B9A46}
		{56F2F060-D1CF-465F-8AC2-3CAB6A0F07FD} = {49E75DAE-986B-48BF-8A1B-54ECFB9B9A46}
		{D8D629F9-FDEF-4DF9-A168-F139C61AB068} = {49E75DAE-986B-48BF-8A1B-54ECFB9B9A46}
		{198606DC-835B-43D9-97FA-7FB5878D50FF} = {49E75DAE-986B-48BF-8A1B-54ECFB9B9A46}
		{498AA381-5A34-462C-835D-63E98C332005} = {49E75DAE-986B-48BF-8A1B-54ECFB9B9A46}
		{133D836D-3FDF-49A2-A9FF-AC757A2AB38B} = {49E75DAE-986B-48BF-8A1B-54ECFB9B9A46}
		{B650CE77-4EA2-4EBF-A373-9B0803E5473E} = {49E75DAE-986B-48BF-8A1B-54ECFB9B9A46}
		{A6A96168-F405-4EA3-98B4-9C1C34999120} = {49E75DAE-986B-48BF-8A1B-54ECFB9B9A46}
		{406F4B98-7B7F-49D6-AF9B-BCF3519A856B} = {49E75DAE-986B-48BF-8A1B-54ECFB9B9A46}
		{72D2108A-F5BC-4E00-B99C-B5D0480EA754} = {49E75DAE-986B-48BF-8A1B-54ECFB9B9A46}
		{C0BF5211-A7C3-4E07-9EA0-71E1E564BAA7} = {49E75DAE-986B-48BF-8A1B-54ECFB9B9A46}
	EndGlobalSection
	GlobalSection(ExtensibilityGlobals) = postSolution
		SolutionGuid = {299F3EED-2B21-4D2B-86CE-583FB0EEF824}
	EndGlobalSection
EndGlobal
